
Microsoft Visual Studio Solution File, Format Version 12.00
# Visual Studio Version 17
VisualStudioVersion = 17.2.32630.192
MinimumVisualStudioVersion = 10.0.40219.1
Project("{FAE04EC0-301F-11D3-BF4B-00C04F79EFBC}") = "GWorker_Desktop", "GWorker_Desktop\GWorker_Desktop.csproj", "{0CAB4EAB-C996-4778-B950-073EC989D71D}"
EndProject
Global
	GlobalSection(SolutionConfigurationPlatforms) = preSolution
		Debug|Any CPU = Debug|Any CPU
		Release|Any CPU = Release|Any CPU
	EndGlobalSection
	GlobalSection(ProjectConfigurationPlatforms) = postSolution
		{0CAB4EAB-C996-4778-B950-073EC989D71D}.Debug|Any CPU.ActiveCfg = Debug|Any CPU
		{0CAB4EAB-C996-4778-B950-073EC989D71D}.Debug|Any CPU.Build.0 = Debug|Any CPU
		{0CAB4EAB-C996-4778-B950-073EC989D71D}.Release|Any CPU.ActiveCfg = Release|Any CPU
		{0CAB4EAB-C996-4778-B950-073EC989D71D}.Release|Any CPU.Build.0 = Release|Any CPU
	EndGlobalSection
	GlobalSection(SolutionProperties) = preSolution
		HideSolutionNode = FALSE
	EndGlobalSection
	GlobalSection(ExtensibilityGlobals) = postSolution
		SolutionGuid = {90CF8846-4463-46BB-9412-5E70F6F64648}
	EndGlobalSection
EndGlobal
